
Microsoft Visual Studio Solution File, Format Version 12.00
# Visual Studio Version 17
VisualStudioVersion = 17.11.35222.181
MinimumVisualStudioVersion = 10.0.40219.1
Project("{FAE04EC0-301F-11D3-BF4B-00C04F79EFBC}") = "ApiServicio", "ApiServicio\ApiServicio.csproj", "{69AB2451-E56F-44AD-8A58-6D4549034B77}"
EndProject
Global
	GlobalSection(SolutionConfigurationPlatforms) = preSolution
		Debug|Any CPU = Debug|Any CPU
		Release|Any CPU = Release|Any CPU
	EndGlobalSection
	GlobalSection(ProjectConfigurationPlatforms) = postSolution
		{69AB2451-E56F-44AD-8A58-6D4549034B77}.Debug|Any CPU.ActiveCfg = Debug|Any CPU
		{69AB2451-E56F-44AD-8A58-6D4549034B77}.Debug|Any CPU.Build.0 = Debug|Any CPU
		{69AB2451-E56F-44AD-8A58-6D4549034B77}.Release|Any CPU.ActiveCfg = Release|Any CPU
		{69AB2451-E56F-44AD-8A58-6D4549034B77}.Release|Any CPU.Build.0 = Release|Any CPU
	EndGlobalSection
	GlobalSection(SolutionProperties) = preSolution
		HideSolutionNode = FALSE
	EndGlobalSection
	GlobalSection(ExtensibilityGlobals) = postSolution
		SolutionGuid = {C29097C5-1368-46F0-8B4D-DC3C64A01014}
	EndGlobalSection
EndGlobal
